
Microsoft Visual Studio Solution File, Format Version 12.00
# Visual Studio Version 16
VisualStudioVersion = 16.0.30114.105
MinimumVisualStudioVersion = 10.0.40219.1
Project("{2150E333-8FDC-42A3-9474-1A3956D46DE8}") = "src", "src", "{C9040420-9A6A-411E-81DB-259832CA0375}"
EndProject
Project("{FAE04EC0-301F-11D3-BF4B-00C04F79EFBC}") = "LinuxServerSetup", "src\LinuxServerSetup\LinuxServerSetup.csproj", "{9F7B1530-0D3A-4049-995E-29D369C10A63}"
EndProject
Global
	GlobalSection(SolutionConfigurationPlatforms) = preSolution
		Debug|Any CPU = Debug|Any CPU
		Release|Any CPU = Release|Any CPU
	EndGlobalSection
	GlobalSection(SolutionProperties) = preSolution
		HideSolutionNode = FALSE
	EndGlobalSection
	GlobalSection(ProjectConfigurationPlatforms) = postSolution
		{9F7B1530-0D3A-4049-995E-29D369C10A63}.Debug|Any CPU.ActiveCfg = Debug|Any CPU
		{9F7B1530-0D3A-4049-995E-29D369C10A63}.Debug|Any CPU.Build.0 = Debug|Any CPU
		{9F7B1530-0D3A-4049-995E-29D369C10A63}.Release|Any CPU.ActiveCfg = Release|Any CPU
		{9F7B1530-0D3A-4049-995E-29D369C10A63}.Release|Any CPU.Build.0 = Release|Any CPU
	EndGlobalSection
	GlobalSection(NestedProjects) = preSolution
		{9F7B1530-0D3A-4049-995E-29D369C10A63} = {C9040420-9A6A-411E-81DB-259832CA0375}
	EndGlobalSection
EndGlobal
